{
  "name": "nick",
  "version": "1.0.0",
  "lockfileVersion": 1,
  "requires": true,
  "dependencies": {
    "ansi-regex": {
      "version": "2.1.1",
      "resolved": "https://registry.npmjs.org/ansi-regex/-/ansi-regex-2.1.1.tgz",
      "integrity": "sha1-w7M6te42DYbg5ijwRorn7yfWVN8="
    },
    "clone": {
      "version": "1.0.3",
      "resolved": "https://registry.npmjs.org/clone/-/clone-1.0.3.tgz",
      "integrity": "sha1-KY1+IjFmD0DAA8LtMUDezz9TCF8="
    },
    "columnify": {
      "version": "1.5.4",
      "resolved": "https://registry.npmjs.org/columnify/-/columnify-1.5.4.tgz",
      "integrity": "sha1-Rzfd8ce2mop8NAVweC6UfuyOeLs=",
      "requires": {
        "strip-ansi": "3.0.1",
        "wcwidth": "1.0.1"
      }
    },
    "defaults": {
      "version": "1.0.3",
      "resolved": "https://registry.npmjs.org/defaults/-/defaults-1.0.3.tgz",
      "integrity": "sha1-xlYFHpgX2f8I7YgUd/P+QBnz730=",
      "requires": {
        "clone": "1.0.3"
      }
    },
    "parse-duration": {
      "version": "0.1.1",
      "resolved": "https://registry.npmjs.org/parse-duration/-/parse-duration-0.1.1.tgz",
      "integrity": "sha1-ExFN3JiRwezSgANiRFVN5DZHoiY="
    },
    "strip-ansi": {
      "version": "3.0.1",
      "resolved": "https://registry.npmjs.org/strip-ansi/-/strip-ansi-3.0.1.tgz",
      "integrity": "sha1-ajhfuIU9lS1f8F0Oiq+UJ43GPc8=",
      "requires": {
        "ansi-regex": "2.1.1"
      }
    },
    "wcwidth": {
      "version": "1.0.1",
      "resolved": "https://registry.npmjs.org/wcwidth/-/wcwidth-1.0.1.tgz",
      "integrity": "sha1-8LDc+RW8X/FSivrbLA4XtTLaL+g=",
      "requires": {
        "defaults": "1.0.3"
      }
    },
    "wrk": {
      "version": "git://github.com/starpit/node-wrk.git#5166eb59608b625e67b8aece46df78e504d7acd7"
    }
  }
}
